
Microsoft Visual Studio Solution File, Format Version 12.00
# Visual Studio Version 16
VisualStudioVersion = 16.0.31624.102
MinimumVisualStudioVersion = 10.0.40219.1
Project("{FAE04EC0-301F-11D3-BF4B-00C04F79EFBC}") = "SIITUniversity", "SIITUniversity.csproj", "{F2E17C58-898C-427D-B0F9-392848818F74}"
EndProject
Global
	GlobalSection(SolutionConfigurationPlatforms) = preSolution
		Debug|Any CPU = Debug|Any CPU
		Release|Any CPU = Release|Any CPU
	EndGlobalSection
	GlobalSection(ProjectConfigurationPlatforms) = postSolution
		{F2E17C58-898C-427D-B0F9-392848818F74}.Debug|Any CPU.ActiveCfg = Debug|Any CPU
		{F2E17C58-898C-427D-B0F9-392848818F74}.Debug|Any CPU.Build.0 = Debug|Any CPU
		{F2E17C58-898C-427D-B0F9-392848818F74}.Release|Any CPU.ActiveCfg = Release|Any CPU
		{F2E17C58-898C-427D-B0F9-392848818F74}.Release|Any CPU.Build.0 = Release|Any CPU
	EndGlobalSection
	GlobalSection(SolutionProperties) = preSolution
		HideSolutionNode = FALSE
	EndGlobalSection
	GlobalSection(ExtensibilityGlobals) = postSolution
		SolutionGuid = {13003E6B-BF3A-4822-9E0B-AD245635C907}
	EndGlobalSection
EndGlobal
